
Microsoft Visual Studio Solution File, Format Version 12.00
# Visual Studio Version 16
VisualStudioVersion = 16.0.30309.148
MinimumVisualStudioVersion = 10.0.40219.1
Project("{FAE04EC0-301F-11D3-BF4B-00C04F79EFBC}") = "MailBotAPI", "MailBotAPI\MailBotAPI.csproj", "{2273C483-3CCF-4795-87D1-68E696C61DB1}"
EndProject
Global
	GlobalSection(SolutionConfigurationPlatforms) = preSolution
		Debug|Any CPU = Debug|Any CPU
		Release|Any CPU = Release|Any CPU
	EndGlobalSection
	GlobalSection(ProjectConfigurationPlatforms) = postSolution
		{2273C483-3CCF-4795-87D1-68E696C61DB1}.Debug|Any CPU.ActiveCfg = Debug|Any CPU
		{2273C483-3CCF-4795-87D1-68E696C61DB1}.Debug|Any CPU.Build.0 = Debug|Any CPU
		{2273C483-3CCF-4795-87D1-68E696C61DB1}.Release|Any CPU.ActiveCfg = Release|Any CPU
		{2273C483-3CCF-4795-87D1-68E696C61DB1}.Release|Any CPU.Build.0 = Release|Any CPU
	EndGlobalSection
	GlobalSection(SolutionProperties) = preSolution
		HideSolutionNode = FALSE
	EndGlobalSection
	GlobalSection(ExtensibilityGlobals) = postSolution
		SolutionGuid = {65C83AA2-341E-4B09-BB04-1826E32E9124}
	EndGlobalSection
EndGlobal
